
Microsoft Visual Studio Solution File, Format Version 12.00
# Visual Studio Version 17
VisualStudioVersion = 17.6.33723.286
MinimumVisualStudioVersion = 10.0.40219.1
Project("{54A90642-561A-4BB1-A94E-469ADEE60C69}") = "vueapp", "vueapp\vueapp.esproj", "{73BB6D76-B38F-45BE-8F22-10E422D42329}"
EndProject
Project("{9A19103F-16F7-4668-BE54-9A1E7A4F7556}") = "webapi", "webapi\webapi.csproj", "{27C405D5-5AD7-44B3-954E-D7445EDE5D5D}"
EndProject
Global
	GlobalSection(SolutionConfigurationPlatforms) = preSolution
		Debug|Any CPU = Debug|Any CPU
		Release|Any CPU = Release|Any CPU
	EndGlobalSection
	GlobalSection(ProjectConfigurationPlatforms) = postSolution
		{73BB6D76-B38F-45BE-8F22-10E422D42329}.Debug|Any CPU.ActiveCfg = Debug|Any CPU
		{73BB6D76-B38F-45BE-8F22-10E422D42329}.Debug|Any CPU.Build.0 = Debug|Any CPU
		{73BB6D76-B38F-45BE-8F22-10E422D42329}.Debug|Any CPU.Deploy.0 = Debug|Any CPU
		{73BB6D76-B38F-45BE-8F22-10E422D42329}.Release|Any CPU.ActiveCfg = Release|Any CPU
		{73BB6D76-B38F-45BE-8F22-10E422D42329}.Release|Any CPU.Build.0 = Release|Any CPU
		{73BB6D76-B38F-45BE-8F22-10E422D42329}.Release|Any CPU.Deploy.0 = Release|Any CPU
		{27C405D5-5AD7-44B3-954E-D7445EDE5D5D}.Debug|Any CPU.ActiveCfg = Debug|Any CPU
		{27C405D5-5AD7-44B3-954E-D7445EDE5D5D}.Debug|Any CPU.Build.0 = Debug|Any CPU
		{27C405D5-5AD7-44B3-954E-D7445EDE5D5D}.Release|Any CPU.ActiveCfg = Release|Any CPU
		{27C405D5-5AD7-44B3-954E-D7445EDE5D5D}.Release|Any CPU.Build.0 = Release|Any CPU
	EndGlobalSection
	GlobalSection(SolutionProperties) = preSolution
		HideSolutionNode = FALSE
	EndGlobalSection
	GlobalSection(ExtensibilityGlobals) = postSolution
		SolutionGuid = {8A884DD0-7614-498F-A02B-AB90986ED596}
	EndGlobalSection
EndGlobal
